
Microsoft Visual Studio Solution File, Format Version 12.00
# Visual Studio 14
VisualStudioVersion = 14.0.25420.1
MinimumVisualStudioVersion = 10.0.40219.1
Project("{FAE04EC0-301F-11D3-BF4B-00C04F79EFBC}") = "Everlight.Tree", "Everlight.Tree\Everlight.Tree.csproj", "{56C2E5DD-1C5F-4BF5-AD2A-28951FA45EB7}"
EndProject
Project("{FAE04EC0-301F-11D3-BF4B-00C04F79EFBC}") = "Everlight.Logic", "Everlight.Logic\Everlight.Logic.csproj", "{09F4F1B3-E436-4D11-B8B3-5ED23D9A4686}"
EndProject
Project("{FAE04EC0-301F-11D3-BF4B-00C04F79EFBC}") = "Everlight.Tree.Tests", "Everlight.Tree.Tests\Everlight.Tree.Tests.csproj", "{14F0CA5A-2FB6-4272-ADBA-D670BE6B128C}"
EndProject
Global
	GlobalSection(SolutionConfigurationPlatforms) = preSolution
		Debug|Any CPU = Debug|Any CPU
		Release|Any CPU = Release|Any CPU
	EndGlobalSection
	GlobalSection(ProjectConfigurationPlatforms) = postSolution
		{56C2E5DD-1C5F-4BF5-AD2A-28951FA45EB7}.Debug|Any CPU.ActiveCfg = Debug|Any CPU
		{56C2E5DD-1C5F-4BF5-AD2A-28951FA45EB7}.Debug|Any CPU.Build.0 = Debug|Any CPU
		{56C2E5DD-1C5F-4BF5-AD2A-28951FA45EB7}.Release|Any CPU.ActiveCfg = Release|Any CPU
		{56C2E5DD-1C5F-4BF5-AD2A-28951FA45EB7}.Release|Any CPU.Build.0 = Release|Any CPU
		{09F4F1B3-E436-4D11-B8B3-5ED23D9A4686}.Debug|Any CPU.ActiveCfg = Debug|Any CPU
		{09F4F1B3-E436-4D11-B8B3-5ED23D9A4686}.Debug|Any CPU.Build.0 = Debug|Any CPU
		{09F4F1B3-E436-4D11-B8B3-5ED23D9A4686}.Release|Any CPU.ActiveCfg = Release|Any CPU
		{09F4F1B3-E436-4D11-B8B3-5ED23D9A4686}.Release|Any CPU.Build.0 = Release|Any CPU
		{14F0CA5A-2FB6-4272-ADBA-D670BE6B128C}.Debug|Any CPU.ActiveCfg = Debug|Any CPU
		{14F0CA5A-2FB6-4272-ADBA-D670BE6B128C}.Debug|Any CPU.Build.0 = Debug|Any CPU
		{14F0CA5A-2FB6-4272-ADBA-D670BE6B128C}.Release|Any CPU.ActiveCfg = Release|Any CPU
		{14F0CA5A-2FB6-4272-ADBA-D670BE6B128C}.Release|Any CPU.Build.0 = Release|Any CPU
	EndGlobalSection
	GlobalSection(SolutionProperties) = preSolution
		HideSolutionNode = FALSE
	EndGlobalSection
EndGlobal
